
Microsoft Visual Studio Solution File, Format Version 12.00
# Visual Studio Version 17
VisualStudioVersion = 17.14.36301.6 d17.14
MinimumVisualStudioVersion = 10.0.40219.1
Project("{FAE04EC0-301F-11D3-BF4B-00C04F79EFBC}") = "KioscoApp", "KioscoApp\KioscoApp.csproj", "{75B0A858-F56F-4AAF-89C5-24A55B84847D}"
EndProject
Global
	GlobalSection(SolutionConfigurationPlatforms) = preSolution
		Debug|Any CPU = Debug|Any CPU
		Release|Any CPU = Release|Any CPU
	EndGlobalSection
	GlobalSection(ProjectConfigurationPlatforms) = postSolution
		{75B0A858-F56F-4AAF-89C5-24A55B84847D}.Debug|Any CPU.ActiveCfg = Debug|Any CPU
		{75B0A858-F56F-4AAF-89C5-24A55B84847D}.Debug|Any CPU.Build.0 = Debug|Any CPU
		{75B0A858-F56F-4AAF-89C5-24A55B84847D}.Release|Any CPU.ActiveCfg = Release|Any CPU
		{75B0A858-F56F-4AAF-89C5-24A55B84847D}.Release|Any CPU.Build.0 = Release|Any CPU
	EndGlobalSection
	GlobalSection(SolutionProperties) = preSolution
		HideSolutionNode = FALSE
	EndGlobalSection
	GlobalSection(ExtensibilityGlobals) = postSolution
		SolutionGuid = {F9881794-268C-4ACF-B5E4-82F9763FA6F5}
	EndGlobalSection
EndGlobal
